// !$*UTF8*$!
{
	archiveVersion = 1;
	classes = {
	};
	objectVersion = 46;
	objects = {

/* Begin PBXBuildFile section */
		47536B041E0EC2990067561D /* AppDelegate.swift in Sources */ = {isa = PBXBuildFile; fileRef = 47536B031E0EC2990067561D /* AppDelegate.swift */; };
		47536B091E0EC2990067561D /* Main.storyboard in Resources */ = {isa = PBXBuildFile; fileRef = 47536B071E0EC2990067561D /* Main.storyboard */; };
		47536B0B1E0EC2990067561D /* Assets.xcassets in Resources */ = {isa = PBXBuildFile; fileRef = 47536B0A1E0EC2990067561D /* Assets.xcassets */; };
		47536B0E1E0EC2990067561D /* LaunchScreen.storyboard in Resources */ = {isa = PBXBuildFile; fileRef = 47536B0C1E0EC2990067561D /* LaunchScreen.storyboard */; };
/* End PBXBuildFile section */

/* Begin PBXFileReference section */
		47536B001E0EC2990067561D /* ImitateDYZB.app */ = {isa = PBXFileReference; explicitFileType = wrapper.application; includeInIndex = 0; path = ImitateDYZB.app; sourceTree = BUILT_PRODUCTS_DIR; };
		47536B031E0EC2990067561D /* AppDelegate.swift */ = {isa = PBXFileReference; lastKnownFileType = sourcecode.swift; path = AppDelegate.swift; sourceTree = "<group>"; };
		47536B081E0EC2990067561D /* Base */ = {isa = PBXFileReference; lastKnownFileType = file.storyboard; name = Base; path = Base.lproj/Main.storyboard; sourceTree = "<group>"; };
		47536B0A1E0EC2990067561D /* Assets.xcassets */ = {isa = PBXFileReference; lastKnownFileType = folder.assetcatalog; path = Assets.xcassets; sourceTree = "<group>"; };
		47536B0D1E0EC2990067561D /* Base */ = {isa = PBXFileReference; lastKnownFileType = file.storyboard; name = Base; path = Base.lproj/LaunchScreen.storyboard; sourceTree = "<group>"; };
		47536B0F1E0EC2990067561D /* Info.plist */ = {isa = PBXFileReference; lastKnownFileType = text.plist.xml; path = Info.plist; sourceTree = "<group>"; };
/* End PBXFileReference section */

/* Begin PBXFrameworksBuildPhase section */
		47536AFD1E0EC2990067561D /* Frameworks */ = {
			isa = PBXFrameworksBuildPhase;
			buildActionMask = 2147483647;
			files = (
			);
			runOnlyForDeploymentPostprocessing = 0;
		};
/* End PBXFrameworksBuildPhase section */

/* Begin PBXGroup section */
		47536AF71E0EC2990067561D = {
			isa = PBXGroup;
			children = (
				47536B021E0EC2990067561D /* ImitateDYZB */,
				47536B011E0EC2990067561D /* Products */,
			);
			sourceTree = "<group>";
		};
		47536B011E0EC2990067561D /* Products */ = {
			isa = PBXGroup;
			children = (
				47536B001E0EC2990067561D /* ImitateDYZB.app */,
			);
			name = Products;
			sourceTree = "<group>";
		};
		47536B021E0EC2990067561D /* ImitateDYZB */ = {
			isa = PBXGroup;
			children = (
				475EFBB11E0F5873009F6DF7 /* Classes */,
				47536B031E0EC2990067561D /* AppDelegate.swift */,
				47536B071E0EC2990067561D /* Main.storyboard */,
				47536B0A1E0EC2990067561D /* Assets.xcassets */,
				47536B0C1E0EC2990067561D /* LaunchScreen.storyboard */,
				47536B0F1E0EC2990067561D /* Info.plist */,
			);
			path = ImitateDYZB;
			sourceTree = "<group>";
		};
		475EFBB11E0F5873009F6DF7 /* Classes */ = {
			isa = PBXGroup;
			children = (
				475EFBB51E0F5873009F6DF7 /* Main */,
				475EFBB31E0F5873009F6DF7 /* Home */,
				475EFBB41E0F5873009F6DF7 /* Live */,
				475EFBB21E0F5873009F6DF7 /* Follow */,
				475EFBB61E0F5873009F6DF7 /* Profile */,
				475EFBB71E0F5873009F6DF7 /* Tools */,
			);
			path = Classes;
			sourceTree = "<group>";
		};
		475EFBB21E0F5873009F6DF7 /* Follow */ = {
			isa = PBXGroup;
			children = (
			);
			path = Follow;
			sourceTree = "<group>";
		};
		475EFBB31E0F5873009F6DF7 /* Home */ = {
			isa = PBXGroup;
			children = (
			);
			path = Home;
			sourceTree = "<group>";
		};
		475EFBB41E0F5873009F6DF7 /* Live */ = {
			isa = PBXGroup;
			children = (
			);
			path = Live;
			sourceTree = "<group>";
		};
		475EFBB51E0F5873009F6DF7 /* Main */ = {
			isa = PBXGroup;
			children = (
			);
			path = Main;
			sourceTree = "<group>";
		};
		475EFBB61E0F5873009F6DF7 /* Profile */ = {
			isa = PBXGroup;
			children = (
			);
			path = Profile;
			sourceTree = "<group>";
		};
		475EFBB71E0F5873009F6DF7 /* Tools */ = {
			isa = PBXGroup;
			children = (
			);
			path = Tools;
			sourceTree = "<group>";
		};
/* End PBXGroup section */

/* Begin PBXNativeTarget section */
		47536AFF1E0EC2990067561D /* ImitateDYZB */ = {
			isa = PBXNativeTarget;
			buildConfigurationList = 47536B121E0EC2990067561D /* Build configuration list for PBXNativeTarget "ImitateDYZB" */;
			buildPhases = (
				47536AFC1E0EC2990067561D /* Sources */,
				47536AFD1E0EC2990067561D /* Frameworks */,
				47536AFE1E0EC2990067561D /* Resources */,
			);
			buildRules = (
			);
			dependencies = (
			);
			name = ImitateDYZB;
			productName = ImitateDYZB;
			productReference = 47536B001E0EC2990067561D /* ImitateDYZB.app */;
			productType = "com.apple.product-type.application";
		};
/* End PBXNativeTarget section */

/* Begin PBXProject section */
		47536AF81E0EC2990067561D /* Project object */ = {
			isa = PBXProject;
			attributes = {
				LastSwiftUpdateCheck = 0810;
				LastUpgradeCheck = 0810;
				ORGANIZATIONNAME = HMRL;
				TargetAttributes = {
					47536AFF1E0EC2990067561D = {
						CreatedOnToolsVersion = 8.1;
						DevelopmentTeam = 45L2BJS8P9;
						ProvisioningStyle = Automatic;
					};
				};
			};
			buildConfigurationList = 47536AFB1E0EC2990067561D /* Build configuration list for PBXProject "ImitateDYZB" */;
			compatibilityVersion = "Xcode 3.2";
			developmentRegion = English;
			hasScannedForEncodings = 0;
			knownRegions = (
				en,
				Base,
			);
			mainGroup = 47536AF71E0EC2990067561D;
			productRefGroup = 47536B011E0EC2990067561D /* Products */;
			projectDirPath = "";
			projectRoot = "";
			targets = (
				47536AFF1E0EC2990067561D /* ImitateDYZB */,
			);
		};
/* End PBXProject section */

/* Begin PBXResourcesBuildPhase section */
		47536AFE1E0EC2990067561D /* Resources */ = {
			isa = PBXResourcesBuildPhase;
			buildActionMask = 2147483647;
			files = (
				47536B0E1E0EC2990067561D /* LaunchScreen.storyboard in Resources */,
				47536B0B1E0EC2990067561D /* Assets.xcassets in Resources */,
				47536B091E0EC2990067561D /* Main.storyboard in Resources */,
			);
			runOnlyForDeploymentPostprocessing = 0;
		};
/* End PBXResourcesBuildPhase section */

/* Begin PBXSourcesBuildPhase section */
		47536AFC1E0EC2990067561D /* Sources */ = {
			isa = PBXSourcesBuildPhase;
			buildActionMask = 2147483647;
			files = (
				47536B041E0EC2990067561D /* AppDelegate.swift in Sources */,
			);
			runOnlyForDeploymentPostprocessing = 0;
		};
/* End PBXSourcesBuildPhase section */

/* Begin PBXVariantGroup section */
		47536B071E0EC2990067561D /* Main.storyboard */ = {
			isa = PBXVariantGroup;
			children = (
				47536B081E0EC2990067561D /* Base */,
			);
			name = Main.storyboard;
			sourceTree = "<group>";
		};
		47536B0C1E0EC2990067561D /* LaunchScreen.storyboard */ = {
			isa = PBXVariantGroup;
			children = (
				47536B0D1E0EC2990067561D /* Base */,
			);
			name = LaunchScreen.storyboard;
			sourceTree = "<group>";
		};
/* End PBXVariantGroup section */

/* Begin XCBuildConfiguration section */
		47536B101E0EC2990067561D /* Debug */ = {
			isa = XCBuildConfiguration;
			buildSettings = {
				ALWAYS_SEARCH_USER_PATHS = NO;
				CLANG_ANALYZER_NONNULL = YES;
				CLANG_CXX_LANGUAGE_STANDARD = "gnu++0x";
				CLANG_CXX_LIBRARY = "libc++";
				CLANG_ENABLE_MODULES = YES;
				CLANG_ENABLE_OBJC_ARC = YES;
				CLANG_WARN_BOOL_CONVERSION = YES;
				CLANG_WARN_CONSTANT_CONVERSION = YES;
				CLANG_WARN_DIRECT_OBJC_ISA_USAGE = YES_ERROR;
				CLANG_WARN_DOCUMENTATION_COMMENTS = YES;
				CLANG_WARN_EMPTY_BODY = YES;
				CLANG_WARN_ENUM_CONVERSION = YES;
				CLANG_WARN_INFINITE_RECURSION = YES;
				CLANG_WARN_INT_CONVERSION = YES;
				CLANG_WARN_OBJC_ROOT_CLASS = YES_ERROR;
				CLANG_WARN_SUSPICIOUS_MOVES = YES;
				CLANG_WARN_UNREACHABLE_CODE = YES;
				CLANG_WARN__DUPLICATE_METHOD_MATCH = YES;
				"CODE_SIGN_IDENTITY[sdk=iphoneos*]" = "iPhone Developer";
				COPY_PHASE_STRIP = NO;
				DEBUG_INFORMATION_FORMAT = dwarf;
				ENABLE_STRICT_OBJC_MSGSEND = YES;
				ENABLE_TESTABILITY = YES;
				GCC_C_LANGUAGE_STANDARD = gnu99;
				GCC_DYNAMIC_NO_PIC = NO;
				GCC_NO_COMMON_BLOCKS = YES;
				GCC_OPTIMIZATION_LEVEL = 0;
				GCC_PREPROCESSOR_DEFINITIONS = (
					"DEBUG=1",
					"$(inherited)",
				);
				GCC_WARN_64_TO_32_BIT_CONVERSION = YES;
				GCC_WARN_ABOUT_RETURN_TYPE = YES_ERROR;
				GCC_WARN_UNDECLARED_SELECTOR = YES;
				GCC_WARN_UNINITIALIZED_AUTOS = YES_AGGRESSIVE;
				GCC_WARN_UNUSED_FUNCTION = YES;
				GCC_WARN_UNUSED_VARIABLE = YES;
				IPHONEOS_DEPLOYMENT_TARGET = 10.1;
				MTL_ENABLE_DEBUG_INFO = YES;
				ONLY_ACTIVE_ARCH = YES;
				SDKROOT = iphoneos;
				SWIFT_ACTIVE_COMPILATION_CONDITIONS = DEBUG;
				SWIFT_OPTIMIZATION_LEVEL = "-Onone";
			};
			name = Debug;
		};
		47536B111E0EC2990067561D /* Release */ = {
			isa = XCBuildConfiguration;
			buildSettings = {
				ALWAYS_SEARCH_USER_PATHS = NO;
				CLANG_ANALYZER_NONNULL = YES;
				CLANG_CXX_LANGUAGE_STANDARD = "gnu++0x";
				CLANG_CXX_LIBRARY = "libc++";
				CLANG_ENABLE_MODULES = YES;
				CLANG_ENABLE_OBJC_ARC = YES;
				CLANG_WARN_BOOL_CONVERSION = YES;
				CLANG_WARN_CONSTANT_CONVERSION = YES;
				CLANG_WARN_DIRECT_OBJC_ISA_USAGE = YES_ERROR;
				CLANG_WARN_DOCUMENTATION_COMMENTS = YES;
				CLANG_WARN_EMPTY_BODY = YES;
				CLANG_WARN_ENUM_CONVERSION = YES;
				CLANG_WARN_INFINITE_RECURSION = YES;
				CLANG_WARN_INT_CONVERSION = YES;
				CLANG_WARN_OBJC_ROOT_CLASS = YES_ERROR;
				CLANG_WARN_SUSPICIOUS_MOVES = YES;
				CLANG_WARN_UNREACHABLE_CODE = YES;
				CLANG_WARN__DUPLICATE_METHOD_MATCH = YES;
				"CODE_SIGN_IDENTITY[sdk=iphoneos*]" = "iPhone Developer";
				COPY_PHASE_STRIP = NO;
				DEBUG_INFORMATION_FORMAT = "dwarf-with-dsym";
				ENABLE_NS_ASSERTIONS = NO;
				ENABLE_STRICT_OBJC_MSGSEND = YES;
				GCC_C_LANGUAGE_STANDARD = gnu99;
				GCC_NO_COMMON_BLOCKS = YES;
				GCC_WARN_64_TO_32_BIT_CONVERSION = YES;
				GCC_WARN_ABOUT_RETURN_TYPE = YES_ERROR;
				GCC_WARN_UNDECLARED_SELECTOR = YES;
				GCC_WARN_UNINITIALIZED_AUTOS = YES_AGGRESSIVE;
				GCC_WARN_UNUSED_FUNCTION = YES;
				GCC_WARN_UNUSED_VARIABLE = YES;
				IPHONEOS_DEPLOYMENT_TARGET = 10.1;
				MTL_ENABLE_DEBUG_INFO = NO;
				SDKROOT = iphoneos;
				SWIFT_OPTIMIZATION_LEVEL = "-Owholemodule";
				VALIDATE_PRODUCT = YES;
			};
			name = Release;
		};
		47536B131E0EC2990067561D /* Debug */ = {
			isa = XCBuildConfiguration;
			buildSettings = {
				ASSETCATALOG_COMPILER_APPICON_NAME = AppIcon;
				ASSETCATALOG_COMPILER_LAUNCHIMAGE_NAME = LaunchImage;
				DEVELOPMENT_TEAM = 45L2BJS8P9;
				INFOPLIST_FILE = ImitateDYZB/Info.plist;
				IPHONEOS_DEPLOYMENT_TARGET = 9.0;
				LD_RUNPATH_SEARCH_PATHS = "$(inherited) @executable_path/Frameworks";
				PRODUCT_BUNDLE_IDENTIFIER = xiaoyangyang.ImitateDYZB;
				PRODUCT_NAME = "$(TARGET_NAME)";
				SWIFT_VERSION = 3.0;
			};
			name = Debug;
		};
		47536B141E0EC2990067561D /* Release */ = {
			isa = XCBuildConfiguration;
			buildSettings = {
				ASSETCATALOG_COMPILER_APPICON_NAME = AppIcon;
				ASSETCATALOG_COMPILER_LAUNCHIMAGE_NAME = LaunchImage;
				DEVELOPMENT_TEAM = 45L2BJS8P9;
				INFOPLIST_FILE = ImitateDYZB/Info.plist;
				IPHONEOS_DEPLOYMENT_TARGET = 9.0;
				LD_RUNPATH_SEARCH_PATHS = "$(inherited) @executable_path/Frameworks";
				PRODUCT_BUNDLE_IDENTIFIER = xiaoyangyang.ImitateDYZB;
				PRODUCT_NAME = "$(TARGET_NAME)";
				SWIFT_VERSION = 3.0;
			};
			name = Release;
		};
/* End XCBuildConfiguration section */

/* Begin XCConfigurationList section */
		47536AFB1E0EC2990067561D /* Build configuration list for PBXProject "ImitateDYZB" */ = {
			isa = XCConfigurationList;
			buildConfigurations = (
				47536B101E0EC2990067561D /* Debug */,
				47536B111E0EC2990067561D /* Release */,
			);
			defaultConfigurationIsVisible = 0;
			defaultConfigurationName = Release;
		};
		47536B121E0EC2990067561D /* Build configuration list for PBXNativeTarget "ImitateDYZB" */ = {
			isa = XCConfigurationList;
			buildConfigurations = (
				47536B131E0EC2990067561D /* Debug */,
				47536B141E0EC2990067561D /* Release */,
			);
			defaultConfigurationIsVisible = 0;
			defaultConfigurationName = Release;
		};
/* End XCConfigurationList section */
	};
	rootObject = 47536AF81E0EC2990067561D /* Project object */;
}
