// !$*UTF8*$!
{
	archiveVersion = 1;
	classes = {
	};
	objectVersion = 46;
	objects = {

/* Begin PBXBuildFile section */
		47536B041E0EC2990067561D /* AppDelegate.swift in Sources */ = {isa = PBXBuildFile; fileRef = 47536B031E0EC2990067561D /* AppDelegate.swift */; };
		47536B091E0EC2990067561D /* Main.storyboard in Resources */ = {isa = PBXBuildFile; fileRef = 47536B071E0EC2990067561D /* Main.storyboard */; };
		47536B0B1E0EC2990067561D /* Assets.xcassets in Resources */ = {isa = PBXBuildFile; fileRef = 47536B0A1E0EC2990067561D /* Assets.xcassets */; };
		47536B0E1E0EC2990067561D /* LaunchScreen.storyboard in Resources */ = {isa = PBXBuildFile; fileRef = 47536B0C1E0EC2990067561D /* LaunchScreen.storyboard */; };
		475EFBBA1E0F6B9B009F6DF7 /* Home.storyboard in Resources */ = {isa = PBXBuildFile; fileRef = 475EFBB81E0F6B9B009F6DF7 /* Home.storyboard */; };
		475EFBBD1E0F6CA3009F6DF7 /* Live.storyboard in Resources */ = {isa = PBXBuildFile; fileRef = 475EFBBB1E0F6CA3009F6DF7 /* Live.storyboard */; };
		475EFBC01E0F6CEE009F6DF7 /* Follow.storyboard in Resources */ = {isa = PBXBuildFile; fileRef = 475EFBBE1E0F6CEE009F6DF7 /* Follow.storyboard */; };
		475EFBC31E0F6D18009F6DF7 /* Profile.storyboard in Resources */ = {isa = PBXBuildFile; fileRef = 475EFBC11E0F6D18009F6DF7 /* Profile.storyboard */; };
		475EFBC51E0F70A1009F6DF7 /* MainViewController.swift in Sources */ = {isa = PBXBuildFile; fileRef = 475EFBC41E0F70A1009F6DF7 /* MainViewController.swift */; };
		475EFBCD1E0F7A75009F6DF7 /* HomeViewController.swift in Sources */ = {isa = PBXBuildFile; fileRef = 475EFBCC1E0F7A75009F6DF7 /* HomeViewController.swift */; };
		475EFBD01E0FED7B009F6DF7 /* UIBarbuttonitem-Extension.swift in Sources */ = {isa = PBXBuildFile; fileRef = 475EFBCF1E0FED7B009F6DF7 /* UIBarbuttonitem-Extension.swift */; };
		475FEEAB1E10DF3100328C15 /* PageTitleView.swift in Sources */ = {isa = PBXBuildFile; fileRef = 475FEEAA1E10DF3100328C15 /* PageTitleView.swift */; };
		475FEEAD1E10E0AF00328C15 /* Common.swift in Sources */ = {isa = PBXBuildFile; fileRef = 475FEEAC1E10E0AF00328C15 /* Common.swift */; };
		475FEEB01E111EE700328C15 /* PageContentView.swift in Sources */ = {isa = PBXBuildFile; fileRef = 475FEEAF1E111EE700328C15 /* PageContentView.swift */; };
		4782F1CD1E13819A002358C4 /* UIColor_extension.swift in Sources */ = {isa = PBXBuildFile; fileRef = 4782F1CC1E13819A002358C4 /* UIColor_extension.swift */; };
/* End PBXBuildFile section */

/* Begin PBXFileReference section */
		47536B001E0EC2990067561D /* 歼20原型机.app */ = {isa = PBXFileReference; explicitFileType = wrapper.application; includeInIndex = 0; path = "歼20原型机.app"; sourceTree = BUILT_PRODUCTS_DIR; };
		47536B031E0EC2990067561D /* AppDelegate.swift */ = {isa = PBXFileReference; lastKnownFileType = sourcecode.swift; path = AppDelegate.swift; sourceTree = "<group>"; };
		47536B081E0EC2990067561D /* Base */ = {isa = PBXFileReference; lastKnownFileType = file.storyboard; name = Base; path = Base.lproj/Main.storyboard; sourceTree = "<group>"; };
		47536B0A1E0EC2990067561D /* Assets.xcassets */ = {isa = PBXFileReference; lastKnownFileType = folder.assetcatalog; path = Assets.xcassets; sourceTree = "<group>"; };
		47536B0D1E0EC2990067561D /* Base */ = {isa = PBXFileReference; lastKnownFileType = file.storyboard; name = Base; path = Base.lproj/LaunchScreen.storyboard; sourceTree = "<group>"; };
		47536B0F1E0EC2990067561D /* Info.plist */ = {isa = PBXFileReference; lastKnownFileType = text.plist.xml; path = Info.plist; sourceTree = "<group>"; };
		475EFBB91E0F6B9B009F6DF7 /* Base */ = {isa = PBXFileReference; lastKnownFileType = file.storyboard; name = Base; path = ImitateDYZB/Base.lproj/Home.storyboard; sourceTree = SOURCE_ROOT; };
		475EFBBC1E0F6CA3009F6DF7 /* Base */ = {isa = PBXFileReference; lastKnownFileType = file.storyboard; name = Base; path = ImitateDYZB/Base.lproj/Live.storyboard; sourceTree = SOURCE_ROOT; };
		475EFBBF1E0F6CEE009F6DF7 /* Base */ = {isa = PBXFileReference; lastKnownFileType = file.storyboard; name = Base; path = ImitateDYZB/Base.lproj/Follow.storyboard; sourceTree = SOURCE_ROOT; };
		475EFBC21E0F6D18009F6DF7 /* Base */ = {isa = PBXFileReference; lastKnownFileType = file.storyboard; name = Base; path = ImitateDYZB/Base.lproj/Profile.storyboard; sourceTree = SOURCE_ROOT; };
		475EFBC41E0F70A1009F6DF7 /* MainViewController.swift */ = {isa = PBXFileReference; fileEncoding = 4; lastKnownFileType = sourcecode.swift; path = MainViewController.swift; sourceTree = "<group>"; };
		475EFBCC1E0F7A75009F6DF7 /* HomeViewController.swift */ = {isa = PBXFileReference; fileEncoding = 4; lastKnownFileType = sourcecode.swift; path = HomeViewController.swift; sourceTree = "<group>"; };
		475EFBCF1E0FED7B009F6DF7 /* UIBarbuttonitem-Extension.swift */ = {isa = PBXFileReference; fileEncoding = 4; lastKnownFileType = sourcecode.swift; path = "UIBarbuttonitem-Extension.swift"; sourceTree = "<group>"; };
		475FEEAA1E10DF3100328C15 /* PageTitleView.swift */ = {isa = PBXFileReference; fileEncoding = 4; lastKnownFileType = sourcecode.swift; path = PageTitleView.swift; sourceTree = "<group>"; };
		475FEEAC1E10E0AF00328C15 /* Common.swift */ = {isa = PBXFileReference; fileEncoding = 4; lastKnownFileType = sourcecode.swift; path = Common.swift; sourceTree = "<group>"; };
		475FEEAE1E10F15F00328C15 /* ImportantMark.h */ = {isa = PBXFileReference; lastKnownFileType = sourcecode.c.h; path = ImportantMark.h; sourceTree = "<group>"; };
		475FEEAF1E111EE700328C15 /* PageContentView.swift */ = {isa = PBXFileReference; fileEncoding = 4; lastKnownFileType = sourcecode.swift; path = PageContentView.swift; sourceTree = "<group>"; };
		4782F1CC1E13819A002358C4 /* UIColor_extension.swift */ = {isa = PBXFileReference; fileEncoding = 4; lastKnownFileType = sourcecode.swift; path = UIColor_extension.swift; sourceTree = "<group>"; };
/* End PBXFileReference section */

/* Begin PBXFrameworksBuildPhase section */
		47536AFD1E0EC2990067561D /* Frameworks */ = {
			isa = PBXFrameworksBuildPhase;
			buildActionMask = 2147483647;
			files = (
			);
			runOnlyForDeploymentPostprocessing = 0;
		};
/* End PBXFrameworksBuildPhase section */

/* Begin PBXGroup section */
		47536AF71E0EC2990067561D = {
			isa = PBXGroup;
			children = (
				475FEEAE1E10F15F00328C15 /* ImportantMark.h */,
				47536B021E0EC2990067561D /* ImitateDYZB */,
				47536B011E0EC2990067561D /* Products */,
			);
			sourceTree = "<group>";
		};
		47536B011E0EC2990067561D /* Products */ = {
			isa = PBXGroup;
			children = (
				47536B001E0EC2990067561D /* 歼20原型机.app */,
			);
			name = Products;
			sourceTree = "<group>";
		};
		47536B021E0EC2990067561D /* ImitateDYZB */ = {
			isa = PBXGroup;
			children = (
				475EFBB11E0F5873009F6DF7 /* Classes */,
				47536B031E0EC2990067561D /* AppDelegate.swift */,
				47536B0A1E0EC2990067561D /* Assets.xcassets */,
				47536B0C1E0EC2990067561D /* LaunchScreen.storyboard */,
				47536B0F1E0EC2990067561D /* Info.plist */,
			);
			path = ImitateDYZB;
			sourceTree = "<group>";
		};
		475EFBB11E0F5873009F6DF7 /* Classes */ = {
			isa = PBXGroup;
			children = (
				475EFBB51E0F5873009F6DF7 /* Main */,
				475EFBB31E0F5873009F6DF7 /* Home */,
				475EFBB41E0F5873009F6DF7 /* Live */,
				475EFBB21E0F5873009F6DF7 /* Follow */,
				475EFBB61E0F5873009F6DF7 /* Profile */,
				475EFBB71E0F5873009F6DF7 /* Tools */,
			);
			path = Classes;
			sourceTree = "<group>";
		};
		475EFBB21E0F5873009F6DF7 /* Follow */ = {
			isa = PBXGroup;
			children = (
				475EFBBE1E0F6CEE009F6DF7 /* Follow.storyboard */,
			);
			path = Follow;
			sourceTree = "<group>";
		};
		475EFBB31E0F5873009F6DF7 /* Home */ = {
			isa = PBXGroup;
			children = (
				475EFBCB1E0F79ED009F6DF7 /* Model */,
				475EFBCA1E0F79EA009F6DF7 /* View */,
				475EFBC91E0F79E7009F6DF7 /* Controller */,
			);
			path = Home;
			sourceTree = "<group>";
		};
		475EFBB41E0F5873009F6DF7 /* Live */ = {
			isa = PBXGroup;
			children = (
				475EFBBB1E0F6CA3009F6DF7 /* Live.storyboard */,
			);
			path = Live;
			sourceTree = "<group>";
		};
		475EFBB51E0F5873009F6DF7 /* Main */ = {
			isa = PBXGroup;
			children = (
				475EFBC81E0F79E1009F6DF7 /* Model */,
				475EFBC71E0F79DA009F6DF7 /* View */,
				475EFBC61E0F79D6009F6DF7 /* Controller */,
			);
			path = Main;
			sourceTree = "<group>";
		};
		475EFBB61E0F5873009F6DF7 /* Profile */ = {
			isa = PBXGroup;
			children = (
				475EFBC11E0F6D18009F6DF7 /* Profile.storyboard */,
			);
			path = Profile;
			sourceTree = "<group>";
		};
		475EFBB71E0F5873009F6DF7 /* Tools */ = {
			isa = PBXGroup;
			children = (
				475EFBCE1E0FEC1B009F6DF7 /* Estension */,
			);
			path = Tools;
			sourceTree = "<group>";
		};
		475EFBC61E0F79D6009F6DF7 /* Controller */ = {
			isa = PBXGroup;
			children = (
				47536B071E0EC2990067561D /* Main.storyboard */,
				475EFBC41E0F70A1009F6DF7 /* MainViewController.swift */,
			);
			name = Controller;
			sourceTree = "<group>";
		};
		475EFBC71E0F79DA009F6DF7 /* View */ = {
			isa = PBXGroup;
			children = (
				475FEEAA1E10DF3100328C15 /* PageTitleView.swift */,
				475FEEAF1E111EE700328C15 /* PageContentView.swift */,
			);
			name = View;
			sourceTree = "<group>";
		};
		475EFBC81E0F79E1009F6DF7 /* Model */ = {
			isa = PBXGroup;
			children = (
			);
			name = Model;
			sourceTree = "<group>";
		};
		475EFBC91E0F79E7009F6DF7 /* Controller */ = {
			isa = PBXGroup;
			children = (
				475EFBB81E0F6B9B009F6DF7 /* Home.storyboard */,
				475EFBCC1E0F7A75009F6DF7 /* HomeViewController.swift */,
			);
			name = Controller;
			sourceTree = "<group>";
		};
		475EFBCA1E0F79EA009F6DF7 /* View */ = {
			isa = PBXGroup;
			children = (
			);
			name = View;
			sourceTree = "<group>";
		};
		475EFBCB1E0F79ED009F6DF7 /* Model */ = {
			isa = PBXGroup;
			children = (
			);
			name = Model;
			sourceTree = "<group>";
		};
		475EFBCE1E0FEC1B009F6DF7 /* Estension */ = {
			isa = PBXGroup;
			children = (
				475EFBCF1E0FED7B009F6DF7 /* UIBarbuttonitem-Extension.swift */,
				475FEEAC1E10E0AF00328C15 /* Common.swift */,
				4782F1CC1E13819A002358C4 /* UIColor_extension.swift */,
			);
			name = Estension;
			sourceTree = "<group>";
		};
/* End PBXGroup section */

/* Begin PBXNativeTarget section */
		47536AFF1E0EC2990067561D /* 歼20原型机 */ = {
			isa = PBXNativeTarget;
			buildConfigurationList = 47536B121E0EC2990067561D /* Build configuration list for PBXNativeTarget "歼20原型机" */;
			buildPhases = (
				47536AFC1E0EC2990067561D /* Sources */,
				47536AFD1E0EC2990067561D /* Frameworks */,
				47536AFE1E0EC2990067561D /* Resources */,
			);
			buildRules = (
			);
			dependencies = (
			);
			name = "歼20原型机";
			productName = ImitateDYZB;
			productReference = 47536B001E0EC2990067561D /* 歼20原型机.app */;
			productType = "com.apple.product-type.application";
		};
/* End PBXNativeTarget section */

/* Begin PBXProject section */
		47536AF81E0EC2990067561D /* Project object */ = {
			isa = PBXProject;
			attributes = {
				LastSwiftUpdateCheck = 0810;
				LastUpgradeCheck = 0810;
				ORGANIZATIONNAME = HMRL;
				TargetAttributes = {
					47536AFF1E0EC2990067561D = {
						CreatedOnToolsVersion = 8.1;
						DevelopmentTeam = 45L2BJS8P9;
						ProvisioningStyle = Automatic;
					};
				};
			};
			buildConfigurationList = 47536AFB1E0EC2990067561D /* Build configuration list for PBXProject "ImitateDYZB" */;
			compatibilityVersion = "Xcode 3.2";
			developmentRegion = English;
			hasScannedForEncodings = 0;
			knownRegions = (
				en,
				Base,
			);
			mainGroup = 47536AF71E0EC2990067561D;
			productRefGroup = 47536B011E0EC2990067561D /* Products */;
			projectDirPath = "";
			projectRoot = "";
			targets = (
				47536AFF1E0EC2990067561D /* 歼20原型机 */,
			);
		};
/* End PBXProject section */

/* Begin PBXResourcesBuildPhase section */
		47536AFE1E0EC2990067561D /* Resources */ = {
			isa = PBXResourcesBuildPhase;
			buildActionMask = 2147483647;
			files = (
				47536B0E1E0EC2990067561D /* LaunchScreen.storyboard in Resources */,
				47536B0B1E0EC2990067561D /* Assets.xcassets in Resources */,
				47536B091E0EC2990067561D /* Main.storyboard in Resources */,
				475EFBBD1E0F6CA3009F6DF7 /* Live.storyboard in Resources */,
				475EFBBA1E0F6B9B009F6DF7 /* Home.storyboard in Resources */,
				475EFBC31E0F6D18009F6DF7 /* Profile.storyboard in Resources */,
				475EFBC01E0F6CEE009F6DF7 /* Follow.storyboard in Resources */,
			);
			runOnlyForDeploymentPostprocessing = 0;
		};
/* End PBXResourcesBuildPhase section */

/* Begin PBXSourcesBuildPhase section */
		47536AFC1E0EC2990067561D /* Sources */ = {
			isa = PBXSourcesBuildPhase;
			buildActionMask = 2147483647;
			files = (
				47536B041E0EC2990067561D /* AppDelegate.swift in Sources */,
				475EFBC51E0F70A1009F6DF7 /* MainViewController.swift in Sources */,
				475FEEAB1E10DF3100328C15 /* PageTitleView.swift in Sources */,
				4782F1CD1E13819A002358C4 /* UIColor_extension.swift in Sources */,
				475FEEB01E111EE700328C15 /* PageContentView.swift in Sources */,
				475EFBD01E0FED7B009F6DF7 /* UIBarbuttonitem-Extension.swift in Sources */,
				475FEEAD1E10E0AF00328C15 /* Common.swift in Sources */,
				475EFBCD1E0F7A75009F6DF7 /* HomeViewController.swift in Sources */,
			);
			runOnlyForDeploymentPostprocessing = 0;
		};
/* End PBXSourcesBuildPhase section */

/* Begin PBXVariantGroup section */
		47536B071E0EC2990067561D /* Main.storyboard */ = {
			isa = PBXVariantGroup;
			children = (
				47536B081E0EC2990067561D /* Base */,
			);
			name = Main.storyboard;
			path = ../..;
			sourceTree = "<group>";
		};
		47536B0C1E0EC2990067561D /* LaunchScreen.storyboard */ = {
			isa = PBXVariantGroup;
			children = (
				47536B0D1E0EC2990067561D /* Base */,
			);
			name = LaunchScreen.storyboard;
			sourceTree = "<group>";
		};
		475EFBB81E0F6B9B009F6DF7 /* Home.storyboard */ = {
			isa = PBXVariantGroup;
			children = (
				475EFBB91E0F6B9B009F6DF7 /* Base */,
			);
			name = Home.storyboard;
			path = ../Main;
			sourceTree = "<group>";
		};
		475EFBBB1E0F6CA3009F6DF7 /* Live.storyboard */ = {
			isa = PBXVariantGroup;
			children = (
				475EFBBC1E0F6CA3009F6DF7 /* Base */,
			);
			name = Live.storyboard;
			path = ../Main;
			sourceTree = "<group>";
		};
		475EFBBE1E0F6CEE009F6DF7 /* Follow.storyboard */ = {
			isa = PBXVariantGroup;
			children = (
				475EFBBF1E0F6CEE009F6DF7 /* Base */,
			);
			name = Follow.storyboard;
			path = ../Main;
			sourceTree = "<group>";
		};
		475EFBC11E0F6D18009F6DF7 /* Profile.storyboard */ = {
			isa = PBXVariantGroup;
			children = (
				475EFBC21E0F6D18009F6DF7 /* Base */,
			);
			name = Profile.storyboard;
			path = ../Main;
			sourceTree = "<group>";
		};
/* End PBXVariantGroup section */

/* Begin XCBuildConfiguration section */
		47536B101E0EC2990067561D /* Debug */ = {
			isa = XCBuildConfiguration;
			buildSettings = {
				ALWAYS_SEARCH_USER_PATHS = NO;
				CLANG_ANALYZER_NONNULL = YES;
				CLANG_CXX_LANGUAGE_STANDARD = "gnu++0x";
				CLANG_CXX_LIBRARY = "libc++";
				CLANG_ENABLE_MODULES = YES;
				CLANG_ENABLE_OBJC_ARC = YES;
				CLANG_WARN_BOOL_CONVERSION = YES;
				CLANG_WARN_CONSTANT_CONVERSION = YES;
				CLANG_WARN_DIRECT_OBJC_ISA_USAGE = YES_ERROR;
				CLANG_WARN_DOCUMENTATION_COMMENTS = YES;
				CLANG_WARN_EMPTY_BODY = YES;
				CLANG_WARN_ENUM_CONVERSION = YES;
				CLANG_WARN_INFINITE_RECURSION = YES;
				CLANG_WARN_INT_CONVERSION = YES;
				CLANG_WARN_OBJC_ROOT_CLASS = YES_ERROR;
				CLANG_WARN_SUSPICIOUS_MOVES = YES;
				CLANG_WARN_UNREACHABLE_CODE = YES;
				CLANG_WARN__DUPLICATE_METHOD_MATCH = YES;
				"CODE_SIGN_IDENTITY[sdk=iphoneos*]" = "iPhone Developer";
				COPY_PHASE_STRIP = NO;
				DEBUG_INFORMATION_FORMAT = dwarf;
				ENABLE_STRICT_OBJC_MSGSEND = YES;
				ENABLE_TESTABILITY = YES;
				GCC_C_LANGUAGE_STANDARD = gnu99;
				GCC_DYNAMIC_NO_PIC = NO;
				GCC_NO_COMMON_BLOCKS = YES;
				GCC_OPTIMIZATION_LEVEL = 0;
				GCC_PREPROCESSOR_DEFINITIONS = (
					"DEBUG=1",
					"$(inherited)",
				);
				GCC_WARN_64_TO_32_BIT_CONVERSION = YES;
				GCC_WARN_ABOUT_RETURN_TYPE = YES_ERROR;
				GCC_WARN_UNDECLARED_SELECTOR = YES;
				GCC_WARN_UNINITIALIZED_AUTOS = YES_AGGRESSIVE;
				GCC_WARN_UNUSED_FUNCTION = YES;
				GCC_WARN_UNUSED_VARIABLE = YES;
				IPHONEOS_DEPLOYMENT_TARGET = 10.1;
				MTL_ENABLE_DEBUG_INFO = YES;
				ONLY_ACTIVE_ARCH = YES;
				SDKROOT = iphoneos;
				SWIFT_ACTIVE_COMPILATION_CONDITIONS = DEBUG;
				SWIFT_OPTIMIZATION_LEVEL = "-Onone";
			};
			name = Debug;
		};
		47536B111E0EC2990067561D /* Release */ = {
			isa = XCBuildConfiguration;
			buildSettings = {
				ALWAYS_SEARCH_USER_PATHS = NO;
				CLANG_ANALYZER_NONNULL = YES;
				CLANG_CXX_LANGUAGE_STANDARD = "gnu++0x";
				CLANG_CXX_LIBRARY = "libc++";
				CLANG_ENABLE_MODULES = YES;
				CLANG_ENABLE_OBJC_ARC = YES;
				CLANG_WARN_BOOL_CONVERSION = YES;
				CLANG_WARN_CONSTANT_CONVERSION = YES;
				CLANG_WARN_DIRECT_OBJC_ISA_USAGE = YES_ERROR;
				CLANG_WARN_DOCUMENTATION_COMMENTS = YES;
				CLANG_WARN_EMPTY_BODY = YES;
				CLANG_WARN_ENUM_CONVERSION = YES;
				CLANG_WARN_INFINITE_RECURSION = YES;
				CLANG_WARN_INT_CONVERSION = YES;
				CLANG_WARN_OBJC_ROOT_CLASS = YES_ERROR;
				CLANG_WARN_SUSPICIOUS_MOVES = YES;
				CLANG_WARN_UNREACHABLE_CODE = YES;
				CLANG_WARN__DUPLICATE_METHOD_MATCH = YES;
				"CODE_SIGN_IDENTITY[sdk=iphoneos*]" = "iPhone Developer";
				COPY_PHASE_STRIP = NO;
				DEBUG_INFORMATION_FORMAT = "dwarf-with-dsym";
				ENABLE_NS_ASSERTIONS = NO;
				ENABLE_STRICT_OBJC_MSGSEND = YES;
				GCC_C_LANGUAGE_STANDARD = gnu99;
				GCC_NO_COMMON_BLOCKS = YES;
				GCC_WARN_64_TO_32_BIT_CONVERSION = YES;
				GCC_WARN_ABOUT_RETURN_TYPE = YES_ERROR;
				GCC_WARN_UNDECLARED_SELECTOR = YES;
				GCC_WARN_UNINITIALIZED_AUTOS = YES_AGGRESSIVE;
				GCC_WARN_UNUSED_FUNCTION = YES;
				GCC_WARN_UNUSED_VARIABLE = YES;
				IPHONEOS_DEPLOYMENT_TARGET = 10.1;
				MTL_ENABLE_DEBUG_INFO = NO;
				SDKROOT = iphoneos;
				SWIFT_OPTIMIZATION_LEVEL = "-Owholemodule";
				VALIDATE_PRODUCT = YES;
			};
			name = Release;
		};
		47536B131E0EC2990067561D /* Debug */ = {
			isa = XCBuildConfiguration;
			buildSettings = {
				ASSETCATALOG_COMPILER_APPICON_NAME = AppIcon;
				ASSETCATALOG_COMPILER_LAUNCHIMAGE_NAME = LaunchImage;
				DEVELOPMENT_TEAM = 45L2BJS8P9;
				INFOPLIST_FILE = ImitateDYZB/Info.plist;
				IPHONEOS_DEPLOYMENT_TARGET = 9.0;
				LD_RUNPATH_SEARCH_PATHS = "$(inherited) @executable_path/Frameworks";
				PRODUCT_BUNDLE_IDENTIFIER = xiaoyangyang.ImitateDYZB;
				PRODUCT_NAME = "$(TARGET_NAME)";
				SWIFT_VERSION = 3.0;
			};
			name = Debug;
		};
		47536B141E0EC2990067561D /* Release */ = {
			isa = XCBuildConfiguration;
			buildSettings = {
				ASSETCATALOG_COMPILER_APPICON_NAME = AppIcon;
				ASSETCATALOG_COMPILER_LAUNCHIMAGE_NAME = LaunchImage;
				DEVELOPMENT_TEAM = 45L2BJS8P9;
				INFOPLIST_FILE = ImitateDYZB/Info.plist;
				IPHONEOS_DEPLOYMENT_TARGET = 9.0;
				LD_RUNPATH_SEARCH_PATHS = "$(inherited) @executable_path/Frameworks";
				PRODUCT_BUNDLE_IDENTIFIER = xiaoyangyang.ImitateDYZB;
				PRODUCT_NAME = "$(TARGET_NAME)";
				SWIFT_VERSION = 3.0;
			};
			name = Release;
		};
/* End XCBuildConfiguration section */

/* Begin XCConfigurationList section */
		47536AFB1E0EC2990067561D /* Build configuration list for PBXProject "ImitateDYZB" */ = {
			isa = XCConfigurationList;
			buildConfigurations = (
				47536B101E0EC2990067561D /* Debug */,
				47536B111E0EC2990067561D /* Release */,
			);
			defaultConfigurationIsVisible = 0;
			defaultConfigurationName = Release;
		};
		47536B121E0EC2990067561D /* Build configuration list for PBXNativeTarget "歼20原型机" */ = {
			isa = XCConfigurationList;
			buildConfigurations = (
				47536B131E0EC2990067561D /* Debug */,
				47536B141E0EC2990067561D /* Release */,
			);
			defaultConfigurationIsVisible = 0;
			defaultConfigurationName = Release;
		};
/* End XCConfigurationList section */
	};
	rootObject = 47536AF81E0EC2990067561D /* Project object */;
}
